
Microsoft Visual Studio Solution File, Format Version 12.00
# Visual Studio Version 17
VisualStudioVersion = 17.9.34902.65
MinimumVisualStudioVersion = 10.0.40219.1
Project("{FAE04EC0-301F-11D3-BF4B-00C04F79EFBC}") = "uchot_oborud.Yar", "uchot_oborud.Yar\uchot_oborud.Yar.csproj", "{CB787FB7-E0B8-47CB-8A7A-870096834E26}"
EndProject
Global
	GlobalSection(SolutionConfigurationPlatforms) = preSolution
		Debug|Any CPU = Debug|Any CPU
		Release|Any CPU = Release|Any CPU
	EndGlobalSection
	GlobalSection(ProjectConfigurationPlatforms) = postSolution
		{CB787FB7-E0B8-47CB-8A7A-870096834E26}.Debug|Any CPU.ActiveCfg = Debug|Any CPU
		{CB787FB7-E0B8-47CB-8A7A-870096834E26}.Debug|Any CPU.Build.0 = Debug|Any CPU
		{CB787FB7-E0B8-47CB-8A7A-870096834E26}.Release|Any CPU.ActiveCfg = Release|Any CPU
		{CB787FB7-E0B8-47CB-8A7A-870096834E26}.Release|Any CPU.Build.0 = Release|Any CPU
	EndGlobalSection
	GlobalSection(SolutionProperties) = preSolution
		HideSolutionNode = FALSE
	EndGlobalSection
	GlobalSection(ExtensibilityGlobals) = postSolution
		SolutionGuid = {90BFA35D-695F-4911-BF1E-3F69DA34A9FB}
	EndGlobalSection
EndGlobal
